
Microsoft Visual Studio Solution File, Format Version 12.00
# Visual Studio 15
VisualStudioVersion = 15.0.33423.255
MinimumVisualStudioVersion = 10.0.40219.1
Project("{FAE04EC0-301F-11D3-BF4B-00C04F79EFBC}") = "P-Game", "P-Game\P-Game.csproj", "{31010A1A-5ED9-46B0-94B3-440CCA18D949}"
EndProject
Global
	GlobalSection(SolutionConfigurationPlatforms) = preSolution
		Debug|Any CPU = Debug|Any CPU
		Release|Any CPU = Release|Any CPU
	EndGlobalSection
	GlobalSection(ProjectConfigurationPlatforms) = postSolution
		{31010A1A-5ED9-46B0-94B3-440CCA18D949}.Debug|Any CPU.ActiveCfg = Debug|Any CPU
		{31010A1A-5ED9-46B0-94B3-440CCA18D949}.Debug|Any CPU.Build.0 = Debug|Any CPU
		{31010A1A-5ED9-46B0-94B3-440CCA18D949}.Release|Any CPU.ActiveCfg = Release|Any CPU
		{31010A1A-5ED9-46B0-94B3-440CCA18D949}.Release|Any CPU.Build.0 = Release|Any CPU
	EndGlobalSection
	GlobalSection(SolutionProperties) = preSolution
		HideSolutionNode = FALSE
	EndGlobalSection
	GlobalSection(ExtensibilityGlobals) = postSolution
		SolutionGuid = {C15AB538-7A30-4DD0-AF28-A98DC612A6AD}
	EndGlobalSection
EndGlobal
