
Microsoft Visual Studio Solution File, Format Version 12.00
# Visual Studio Version 17
VisualStudioVersion = 17.10.35122.118
MinimumVisualStudioVersion = 10.0.40219.1
Project("{FAE04EC0-301F-11D3-BF4B-00C04F79EFBC}") = "C01", "C01.csproj", "{60CD5493-2923-4FC1-ACF4-521D62892E92}"
EndProject
Global
	GlobalSection(SolutionConfigurationPlatforms) = preSolution
		Debug|Any CPU = Debug|Any CPU
		Release|Any CPU = Release|Any CPU
	EndGlobalSection
	GlobalSection(ProjectConfigurationPlatforms) = postSolution
		{60CD5493-2923-4FC1-ACF4-521D62892E92}.Debug|Any CPU.ActiveCfg = Debug|Any CPU
		{60CD5493-2923-4FC1-ACF4-521D62892E92}.Debug|Any CPU.Build.0 = Debug|Any CPU
		{60CD5493-2923-4FC1-ACF4-521D62892E92}.Release|Any CPU.ActiveCfg = Release|Any CPU
		{60CD5493-2923-4FC1-ACF4-521D62892E92}.Release|Any CPU.Build.0 = Release|Any CPU
	EndGlobalSection
	GlobalSection(SolutionProperties) = preSolution
		HideSolutionNode = FALSE
	EndGlobalSection
	GlobalSection(ExtensibilityGlobals) = postSolution
		SolutionGuid = {B9D4B310-32CC-45FC-BA41-179E55360D64}
	EndGlobalSection
EndGlobal
